
Microsoft Visual Studio Solution File, Format Version 12.00
# Visual Studio 14
VisualStudioVersion = 14.0.24720.0
MinimumVisualStudioVersion = 10.0.40219.1
Project("{FAE04EC0-301F-11D3-BF4B-00C04F79EFBC}") = "Droid", "NCrafts.App\NCrafts.App.Droid\Droid.csproj", "{060D8C50-A696-43A1-87C1-B6E06310A352}"
EndProject
Project("{FAE04EC0-301F-11D3-BF4B-00C04F79EFBC}") = "iOS", "NCrafts.App\NCrafts.App.iOS\iOS.csproj", "{789617D2-1F2D-4BA7-B634-43206D1CF4D5}"
EndProject
Project("{FAE04EC0-301F-11D3-BF4B-00C04F79EFBC}") = "App", "NCrafts.App\NCrafts.App\App.csproj", "{B1F109B6-446E-41AE-BB29-70CC60650124}"
EndProject
Project("{FAE04EC0-301F-11D3-BF4B-00C04F79EFBC}") = "App,Tests", "NCrafts.App.Tests\App,Tests.csproj", "{FDF86FE5-2855-4ED8-A21A-0929F1159C5F}"
EndProject
Project("{FAE04EC0-301F-11D3-BF4B-00C04F79EFBC}") = "App.Business", "NCrafts.App.Business\App.Business.csproj", "{EC47274C-2C46-4AA8-9CDC-196EF6171AE3}"
EndProject
Global
	GlobalSection(SolutionConfigurationPlatforms) = preSolution
		Ad-Hoc|Any CPU = Ad-Hoc|Any CPU
		Ad-Hoc|ARM = Ad-Hoc|ARM
		Ad-Hoc|iPhone = Ad-Hoc|iPhone
		Ad-Hoc|iPhoneSimulator = Ad-Hoc|iPhoneSimulator
		Ad-Hoc|x86 = Ad-Hoc|x86
		AppStore|Any CPU = AppStore|Any CPU
		AppStore|ARM = AppStore|ARM
		AppStore|iPhone = AppStore|iPhone
		AppStore|iPhoneSimulator = AppStore|iPhoneSimulator
		AppStore|x86 = AppStore|x86
		Debug|Any CPU = Debug|Any CPU
		Debug|ARM = Debug|ARM
		Debug|iPhone = Debug|iPhone
		Debug|iPhoneSimulator = Debug|iPhoneSimulator
		Debug|x86 = Debug|x86
		Release|Any CPU = Release|Any CPU
		Release|ARM = Release|ARM
		Release|iPhone = Release|iPhone
		Release|iPhoneSimulator = Release|iPhoneSimulator
		Release|x86 = Release|x86
	EndGlobalSection
	GlobalSection(ProjectConfigurationPlatforms) = postSolution
		{060D8C50-A696-43A1-87C1-B6E06310A352}.Ad-Hoc|Any CPU.ActiveCfg = Release|Any CPU
		{060D8C50-A696-43A1-87C1-B6E06310A352}.Ad-Hoc|Any CPU.Build.0 = Release|Any CPU
		{060D8C50-A696-43A1-87C1-B6E06310A352}.Ad-Hoc|Any CPU.Deploy.0 = Release|Any CPU
		{060D8C50-A696-43A1-87C1-B6E06310A352}.Ad-Hoc|ARM.ActiveCfg = Release|Any CPU
		{060D8C50-A696-43A1-87C1-B6E06310A352}.Ad-Hoc|ARM.Build.0 = Release|Any CPU
		{060D8C50-A696-43A1-87C1-B6E06310A352}.Ad-Hoc|ARM.Deploy.0 = Release|Any CPU
		{060D8C50-A696-43A1-87C1-B6E06310A352}.Ad-Hoc|iPhone.ActiveCfg = Release|Any CPU
		{060D8C50-A696-43A1-87C1-B6E06310A352}.Ad-Hoc|iPhone.Build.0 = Release|Any CPU
		{060D8C50-A696-43A1-87C1-B6E06310A352}.Ad-Hoc|iPhone.Deploy.0 = Release|Any CPU
		{060D8C50-A696-43A1-87C1-B6E06310A352}.Ad-Hoc|iPhoneSimulator.ActiveCfg = Release|Any CPU
		{060D8C50-A696-43A1-87C1-B6E06310A352}.Ad-Hoc|iPhoneSimulator.Build.0 = Release|Any CPU
		{060D8C50-A696-43A1-87C1-B6E06310A352}.Ad-Hoc|iPhoneSimulator.Deploy.0 = Release|Any CPU
		{060D8C50-A696-43A1-87C1-B6E06310A352}.Ad-Hoc|x86.ActiveCfg = Release|Any CPU
		{060D8C50-A696-43A1-87C1-B6E06310A352}.Ad-Hoc|x86.Build.0 = Release|Any CPU
		{060D8C50-A696-43A1-87C1-B6E06310A352}.Ad-Hoc|x86.Deploy.0 = Release|Any CPU
		{060D8C50-A696-43A1-87C1-B6E06310A352}.AppStore|Any CPU.ActiveCfg = Release|Any CPU
		{060D8C50-A696-43A1-87C1-B6E06310A352}.AppStore|Any CPU.Build.0 = Release|Any CPU
		{060D8C50-A696-43A1-87C1-B6E06310A352}.AppStore|Any CPU.Deploy.0 = Release|Any CPU
		{060D8C50-A696-43A1-87C1-B6E06310A352}.AppStore|ARM.ActiveCfg = Release|Any CPU
		{060D8C50-A696-43A1-87C1-B6E06310A352}.AppStore|ARM.Build.0 = Release|Any CPU
		{060D8C50-A696-43A1-87C1-B6E06310A352}.AppStore|ARM.Deploy.0 = Release|Any CPU
		{060D8C50-A696-43A1-87C1-B6E06310A352}.AppStore|iPhone.ActiveCfg = Release|Any CPU
		{060D8C50-A696-43A1-87C1-B6E06310A352}.AppStore|iPhone.Build.0 = Release|Any CPU
		{060D8C50-A696-43A1-87C1-B6E06310A352}.AppStore|iPhone.Deploy.0 = Release|Any CPU
		{060D8C50-A696-43A1-87C1-B6E06310A352}.AppStore|iPhoneSimulator.ActiveCfg = Release|Any CPU
		{060D8C50-A696-43A1-87C1-B6E06310A352}.AppStore|iPhoneSimulator.Build.0 = Release|Any CPU
		{060D8C50-A696-43A1-87C1-B6E06310A352}.AppStore|iPhoneSimulator.Deploy.0 = Release|Any CPU
		{060D8C50-A696-43A1-87C1-B6E06310A352}.AppStore|x86.ActiveCfg = Release|Any CPU
		{060D8C50-A696-43A1-87C1-B6E06310A352}.AppStore|x86.Build.0 = Release|Any CPU
		{060D8C50-A696-43A1-87C1-B6E06310A352}.AppStore|x86.Deploy.0 = Release|Any CPU
		{060D8C50-A696-43A1-87C1-B6E06310A352}.Debug|Any CPU.ActiveCfg = Debug|Any CPU
		{060D8C50-A696-43A1-87C1-B6E06310A352}.Debug|Any CPU.Build.0 = Debug|Any CPU
		{060D8C50-A696-43A1-87C1-B6E06310A352}.Debug|Any CPU.Deploy.0 = Debug|Any CPU
		{060D8C50-A696-43A1-87C1-B6E06310A352}.Debug|ARM.ActiveCfg = Debug|Any CPU
		{060D8C50-A696-43A1-87C1-B6E06310A352}.Debug|ARM.Build.0 = Debug|Any CPU
		{060D8C50-A696-43A1-87C1-B6E06310A352}.Debug|ARM.Deploy.0 = Debug|Any CPU
		{060D8C50-A696-43A1-87C1-B6E06310A352}.Debug|iPhone.ActiveCfg = Debug|Any CPU
		{060D8C50-A696-43A1-87C1-B6E06310A352}.Debug|iPhone.Build.0 = Debug|Any CPU
		{060D8C50-A696-43A1-87C1-B6E06310A352}.Debug|iPhone.Deploy.0 = Debug|Any CPU
		{060D8C50-A696-43A1-87C1-B6E06310A352}.Debug|iPhoneSimulator.ActiveCfg = Debug|Any CPU
		{060D8C50-A696-43A1-87C1-B6E06310A352}.Debug|iPhoneSimulator.Build.0 = Debug|Any CPU
		{060D8C50-A696-43A1-87C1-B6E06310A352}.Debug|iPhoneSimulator.Deploy.0 = Debug|Any CPU
		{060D8C50-A696-43A1-87C1-B6E06310A352}.Debug|x86.ActiveCfg = Debug|Any CPU
		{060D8C50-A696-43A1-87C1-B6E06310A352}.Debug|x86.Build.0 = Debug|Any CPU
		{060D8C50-A696-43A1-87C1-B6E06310A352}.Debug|x86.Deploy.0 = Debug|Any CPU
		{060D8C50-A696-43A1-87C1-B6E06310A352}.Release|Any CPU.ActiveCfg = Release|Any CPU
		{060D8C50-A696-43A1-87C1-B6E06310A352}.Release|Any CPU.Build.0 = Release|Any CPU
		{060D8C50-A696-43A1-87C1-B6E06310A352}.Release|Any CPU.Deploy.0 = Release|Any CPU
		{060D8C50-A696-43A1-87C1-B6E06310A352}.Release|ARM.ActiveCfg = Release|Any CPU
		{060D8C50-A696-43A1-87C1-B6E06310A352}.Release|ARM.Build.0 = Release|Any CPU
		{060D8C50-A696-43A1-87C1-B6E06310A352}.Release|ARM.Deploy.0 = Release|Any CPU
		{060D8C50-A696-43A1-87C1-B6E06310A352}.Release|iPhone.ActiveCfg = Release|Any CPU
		{060D8C50-A696-43A1-87C1-B6E06310A352}.Release|iPhone.Build.0 = Release|Any CPU
		{060D8C50-A696-43A1-87C1-B6E06310A352}.Release|iPhone.Deploy.0 = Release|Any CPU
		{060D8C50-A696-43A1-87C1-B6E06310A352}.Release|iPhoneSimulator.ActiveCfg = Release|Any CPU
		{060D8C50-A696-43A1-87C1-B6E06310A352}.Release|iPhoneSimulator.Build.0 = Release|Any CPU
		{060D8C50-A696-43A1-87C1-B6E06310A352}.Release|iPhoneSimulator.Deploy.0 = Release|Any CPU
		{060D8C50-A696-43A1-87C1-B6E06310A352}.Release|x86.ActiveCfg = Release|Any CPU
		{060D8C50-A696-43A1-87C1-B6E06310A352}.Release|x86.Build.0 = Release|Any CPU
		{060D8C50-A696-43A1-87C1-B6E06310A352}.Release|x86.Deploy.0 = Release|Any CPU
		{789617D2-1F2D-4BA7-B634-43206D1CF4D5}.Ad-Hoc|Any CPU.ActiveCfg = Ad-Hoc|iPhone
		{789617D2-1F2D-4BA7-B634-43206D1CF4D5}.Ad-Hoc|ARM.ActiveCfg = Ad-Hoc|iPhone
		{789617D2-1F2D-4BA7-B634-43206D1CF4D5}.Ad-Hoc|iPhone.ActiveCfg = Ad-Hoc|iPhone
		{789617D2-1F2D-4BA7-B634-43206D1CF4D5}.Ad-Hoc|iPhone.Build.0 = Ad-Hoc|iPhone
		{789617D2-1F2D-4BA7-B634-43206D1CF4D5}.Ad-Hoc|iPhoneSimulator.ActiveCfg = Ad-Hoc|iPhoneSimulator
		{789617D2-1F2D-4BA7-B634-43206D1CF4D5}.Ad-Hoc|iPhoneSimulator.Build.0 = Ad-Hoc|iPhoneSimulator
		{789617D2-1F2D-4BA7-B634-43206D1CF4D5}.Ad-Hoc|x86.ActiveCfg = Ad-Hoc|iPhone
		{789617D2-1F2D-4BA7-B634-43206D1CF4D5}.AppStore|Any CPU.ActiveCfg = AppStore|iPhone
		{789617D2-1F2D-4BA7-B634-43206D1CF4D5}.AppStore|ARM.ActiveCfg = AppStore|iPhone
		{789617D2-1F2D-4BA7-B634-43206D1CF4D5}.AppStore|iPhone.ActiveCfg = AppStore|iPhone
		{789617D2-1F2D-4BA7-B634-43206D1CF4D5}.AppStore|iPhone.Build.0 = AppStore|iPhone
		{789617D2-1F2D-4BA7-B634-43206D1CF4D5}.AppStore|iPhoneSimulator.ActiveCfg = AppStore|iPhoneSimulator
		{789617D2-1F2D-4BA7-B634-43206D1CF4D5}.AppStore|iPhoneSimulator.Build.0 = AppStore|iPhoneSimulator
		{789617D2-1F2D-4BA7-B634-43206D1CF4D5}.AppStore|x86.ActiveCfg = AppStore|iPhone
		{789617D2-1F2D-4BA7-B634-43206D1CF4D5}.Debug|Any CPU.ActiveCfg = Debug|iPhone
		{789617D2-1F2D-4BA7-B634-43206D1CF4D5}.Debug|ARM.ActiveCfg = Debug|iPhone
		{789617D2-1F2D-4BA7-B634-43206D1CF4D5}.Debug|iPhone.ActiveCfg = Debug|iPhone
		{789617D2-1F2D-4BA7-B634-43206D1CF4D5}.Debug|iPhone.Build.0 = Debug|iPhone
		{789617D2-1F2D-4BA7-B634-43206D1CF4D5}.Debug|iPhoneSimulator.ActiveCfg = Debug|iPhoneSimulator
		{789617D2-1F2D-4BA7-B634-43206D1CF4D5}.Debug|iPhoneSimulator.Build.0 = Debug|iPhoneSimulator
		{789617D2-1F2D-4BA7-B634-43206D1CF4D5}.Debug|iPhoneSimulator.Deploy.0 = Debug|iPhoneSimulator
		{789617D2-1F2D-4BA7-B634-43206D1CF4D5}.Debug|x86.ActiveCfg = Debug|iPhone
		{789617D2-1F2D-4BA7-B634-43206D1CF4D5}.Release|Any CPU.ActiveCfg = Release|iPhone
		{789617D2-1F2D-4BA7-B634-43206D1CF4D5}.Release|ARM.ActiveCfg = Release|iPhone
		{789617D2-1F2D-4BA7-B634-43206D1CF4D5}.Release|iPhone.ActiveCfg = Release|iPhone
		{789617D2-1F2D-4BA7-B634-43206D1CF4D5}.Release|iPhone.Build.0 = Release|iPhone
		{789617D2-1F2D-4BA7-B634-43206D1CF4D5}.Release|iPhoneSimulator.ActiveCfg = Release|iPhoneSimulator
		{789617D2-1F2D-4BA7-B634-43206D1CF4D5}.Release|iPhoneSimulator.Build.0 = Release|iPhoneSimulator
		{789617D2-1F2D-4BA7-B634-43206D1CF4D5}.Release|x86.ActiveCfg = Release|iPhone
		{B1F109B6-446E-41AE-BB29-70CC60650124}.Ad-Hoc|Any CPU.ActiveCfg = Release|Any CPU
		{B1F109B6-446E-41AE-BB29-70CC60650124}.Ad-Hoc|Any CPU.Build.0 = Release|Any CPU
		{B1F109B6-446E-41AE-BB29-70CC60650124}.Ad-Hoc|ARM.ActiveCfg = Release|Any CPU
		{B1F109B6-446E-41AE-BB29-70CC60650124}.Ad-Hoc|ARM.Build.0 = Release|Any CPU
		{B1F109B6-446E-41AE-BB29-70CC60650124}.Ad-Hoc|iPhone.ActiveCfg = Release|Any CPU
		{B1F109B6-446E-41AE-BB29-70CC60650124}.Ad-Hoc|iPhone.Build.0 = Release|Any CPU
		{B1F109B6-446E-41AE-BB29-70CC60650124}.Ad-Hoc|iPhoneSimulator.ActiveCfg = Release|Any CPU
		{B1F109B6-446E-41AE-BB29-70CC60650124}.Ad-Hoc|iPhoneSimulator.Build.0 = Release|Any CPU
		{B1F109B6-446E-41AE-BB29-70CC60650124}.Ad-Hoc|x86.ActiveCfg = Release|Any CPU
		{B1F109B6-446E-41AE-BB29-70CC60650124}.Ad-Hoc|x86.Build.0 = Release|Any CPU
		{B1F109B6-446E-41AE-BB29-70CC60650124}.AppStore|Any CPU.ActiveCfg = Release|Any CPU
		{B1F109B6-446E-41AE-BB29-70CC60650124}.AppStore|Any CPU.Build.0 = Release|Any CPU
		{B1F109B6-446E-41AE-BB29-70CC60650124}.AppStore|ARM.ActiveCfg = Release|Any CPU
		{B1F109B6-446E-41AE-BB29-70CC60650124}.AppStore|ARM.Build.0 = Release|Any CPU
		{B1F109B6-446E-41AE-BB29-70CC60650124}.AppStore|iPhone.ActiveCfg = Release|Any CPU
		{B1F109B6-446E-41AE-BB29-70CC60650124}.AppStore|iPhone.Build.0 = Release|Any CPU
		{B1F109B6-446E-41AE-BB29-70CC60650124}.AppStore|iPhoneSimulator.ActiveCfg = Release|Any CPU
		{B1F109B6-446E-41AE-BB29-70CC60650124}.AppStore|iPhoneSimulator.Build.0 = Release|Any CPU
		{B1F109B6-446E-41AE-BB29-70CC60650124}.AppStore|x86.ActiveCfg = Release|Any CPU
		{B1F109B6-446E-41AE-BB29-70CC60650124}.AppStore|x86.Build.0 = Release|Any CPU
		{B1F109B6-446E-41AE-BB29-70CC60650124}.Debug|Any CPU.ActiveCfg = Debug|Any CPU
		{B1F109B6-446E-41AE-BB29-70CC60650124}.Debug|Any CPU.Build.0 = Debug|Any CPU
		{B1F109B6-446E-41AE-BB29-70CC60650124}.Debug|ARM.ActiveCfg = Debug|Any CPU
		{B1F109B6-446E-41AE-BB29-70CC60650124}.Debug|ARM.Build.0 = Debug|Any CPU
		{B1F109B6-446E-41AE-BB29-70CC60650124}.Debug|iPhone.ActiveCfg = Debug|Any CPU
		{B1F109B6-446E-41AE-BB29-70CC60650124}.Debug|iPhone.Build.0 = Debug|Any CPU
		{B1F109B6-446E-41AE-BB29-70CC60650124}.Debug|iPhoneSimulator.ActiveCfg = Debug|Any CPU
		{B1F109B6-446E-41AE-BB29-70CC60650124}.Debug|iPhoneSimulator.Build.0 = Debug|Any CPU
		{B1F109B6-446E-41AE-BB29-70CC60650124}.Debug|x86.ActiveCfg = Debug|Any CPU
		{B1F109B6-446E-41AE-BB29-70CC60650124}.Debug|x86.Build.0 = Debug|Any CPU
		{B1F109B6-446E-41AE-BB29-70CC60650124}.Release|Any CPU.ActiveCfg = Release|Any CPU
		{B1F109B6-446E-41AE-BB29-70CC60650124}.Release|Any CPU.Build.0 = Release|Any CPU
		{B1F109B6-446E-41AE-BB29-70CC60650124}.Release|ARM.ActiveCfg = Release|Any CPU
		{B1F109B6-446E-41AE-BB29-70CC60650124}.Release|ARM.Build.0 = Release|Any CPU
		{B1F109B6-446E-41AE-BB29-70CC60650124}.Release|iPhone.ActiveCfg = Release|Any CPU
		{B1F109B6-446E-41AE-BB29-70CC60650124}.Release|iPhone.Build.0 = Release|Any CPU
		{B1F109B6-446E-41AE-BB29-70CC60650124}.Release|iPhoneSimulator.ActiveCfg = Release|Any CPU
		{B1F109B6-446E-41AE-BB29-70CC60650124}.Release|iPhoneSimulator.Build.0 = Release|Any CPU
		{B1F109B6-446E-41AE-BB29-70CC60650124}.Release|x86.ActiveCfg = Release|Any CPU
		{B1F109B6-446E-41AE-BB29-70CC60650124}.Release|x86.Build.0 = Release|Any CPU
		{FDF86FE5-2855-4ED8-A21A-0929F1159C5F}.Ad-Hoc|Any CPU.ActiveCfg = Release|Any CPU
		{FDF86FE5-2855-4ED8-A21A-0929F1159C5F}.Ad-Hoc|Any CPU.Build.0 = Release|Any CPU
		{FDF86FE5-2855-4ED8-A21A-0929F1159C5F}.Ad-Hoc|ARM.ActiveCfg = Release|Any CPU
		{FDF86FE5-2855-4ED8-A21A-0929F1159C5F}.Ad-Hoc|ARM.Build.0 = Release|Any CPU
		{FDF86FE5-2855-4ED8-A21A-0929F1159C5F}.Ad-Hoc|iPhone.ActiveCfg = Release|Any CPU
		{FDF86FE5-2855-4ED8-A21A-0929F1159C5F}.Ad-Hoc|iPhone.Build.0 = Release|Any CPU
		{FDF86FE5-2855-4ED8-A21A-0929F1159C5F}.Ad-Hoc|iPhoneSimulator.ActiveCfg = Release|Any CPU
		{FDF86FE5-2855-4ED8-A21A-0929F1159C5F}.Ad-Hoc|iPhoneSimulator.Build.0 = Release|Any CPU
		{FDF86FE5-2855-4ED8-A21A-0929F1159C5F}.Ad-Hoc|x86.ActiveCfg = Release|Any CPU
		{FDF86FE5-2855-4ED8-A21A-0929F1159C5F}.Ad-Hoc|x86.Build.0 = Release|Any CPU
		{FDF86FE5-2855-4ED8-A21A-0929F1159C5F}.AppStore|Any CPU.ActiveCfg = Release|Any CPU
		{FDF86FE5-2855-4ED8-A21A-0929F1159C5F}.AppStore|Any CPU.Build.0 = Release|Any CPU
		{FDF86FE5-2855-4ED8-A21A-0929F1159C5F}.AppStore|ARM.ActiveCfg = Release|Any CPU
		{FDF86FE5-2855-4ED8-A21A-0929F1159C5F}.AppStore|ARM.Build.0 = Release|Any CPU
		{FDF86FE5-2855-4ED8-A21A-0929F1159C5F}.AppStore|iPhone.ActiveCfg = Release|Any CPU
		{FDF86FE5-2855-4ED8-A21A-0929F1159C5F}.AppStore|iPhone.Build.0 = Release|Any CPU
		{FDF86FE5-2855-4ED8-A21A-0929F1159C5F}.AppStore|iPhoneSimulator.ActiveCfg = Release|Any CPU
		{FDF86FE5-2855-4ED8-A21A-0929F1159C5F}.AppStore|iPhoneSimulator.Build.0 = Release|Any CPU
		{FDF86FE5-2855-4ED8-A21A-0929F1159C5F}.AppStore|x86.ActiveCfg = Release|Any CPU
		{FDF86FE5-2855-4ED8-A21A-0929F1159C5F}.AppStore|x86.Build.0 = Release|Any CPU
		{FDF86FE5-2855-4ED8-A21A-0929F1159C5F}.Debug|Any CPU.ActiveCfg = Debug|Any CPU
		{FDF86FE5-2855-4ED8-A21A-0929F1159C5F}.Debug|Any CPU.Build.0 = Debug|Any CPU
		{FDF86FE5-2855-4ED8-A21A-0929F1159C5F}.Debug|ARM.ActiveCfg = Debug|Any CPU
		{FDF86FE5-2855-4ED8-A21A-0929F1159C5F}.Debug|ARM.Build.0 = Debug|Any CPU
		{FDF86FE5-2855-4ED8-A21A-0929F1159C5F}.Debug|iPhone.ActiveCfg = Debug|Any CPU
		{FDF86FE5-2855-4ED8-A21A-0929F1159C5F}.Debug|iPhone.Build.0 = Debug|Any CPU
		{FDF86FE5-2855-4ED8-A21A-0929F1159C5F}.Debug|iPhoneSimulator.ActiveCfg = Debug|Any CPU
		{FDF86FE5-2855-4ED8-A21A-0929F1159C5F}.Debug|iPhoneSimulator.Build.0 = Debug|Any CPU
		{FDF86FE5-2855-4ED8-A21A-0929F1159C5F}.Debug|x86.ActiveCfg = Debug|Any CPU
		{FDF86FE5-2855-4ED8-A21A-0929F1159C5F}.Debug|x86.Build.0 = Debug|Any CPU
		{FDF86FE5-2855-4ED8-A21A-0929F1159C5F}.Release|Any CPU.ActiveCfg = Release|Any CPU
		{FDF86FE5-2855-4ED8-A21A-0929F1159C5F}.Release|Any CPU.Build.0 = Release|Any CPU
		{FDF86FE5-2855-4ED8-A21A-0929F1159C5F}.Release|ARM.ActiveCfg = Release|Any CPU
		{FDF86FE5-2855-4ED8-A21A-0929F1159C5F}.Release|ARM.Build.0 = Release|Any CPU
		{FDF86FE5-2855-4ED8-A21A-0929F1159C5F}.Release|iPhone.ActiveCfg = Release|Any CPU
		{FDF86FE5-2855-4ED8-A21A-0929F1159C5F}.Release|iPhone.Build.0 = Release|Any CPU
		{FDF86FE5-2855-4ED8-A21A-0929F1159C5F}.Release|iPhoneSimulator.ActiveCfg = Release|Any CPU
		{FDF86FE5-2855-4ED8-A21A-0929F1159C5F}.Release|iPhoneSimulator.Build.0 = Release|Any CPU
		{FDF86FE5-2855-4ED8-A21A-0929F1159C5F}.Release|x86.ActiveCfg = Release|Any CPU
		{FDF86FE5-2855-4ED8-A21A-0929F1159C5F}.Release|x86.Build.0 = Release|Any CPU
		{EC47274C-2C46-4AA8-9CDC-196EF6171AE3}.Ad-Hoc|Any CPU.ActiveCfg = Release|Any CPU
		{EC47274C-2C46-4AA8-9CDC-196EF6171AE3}.Ad-Hoc|Any CPU.Build.0 = Release|Any CPU
		{EC47274C-2C46-4AA8-9CDC-196EF6171AE3}.Ad-Hoc|ARM.ActiveCfg = Release|Any CPU
		{EC47274C-2C46-4AA8-9CDC-196EF6171AE3}.Ad-Hoc|ARM.Build.0 = Release|Any CPU
		{EC47274C-2C46-4AA8-9CDC-196EF6171AE3}.Ad-Hoc|iPhone.ActiveCfg = Release|Any CPU
		{EC47274C-2C46-4AA8-9CDC-196EF6171AE3}.Ad-Hoc|iPhone.Build.0 = Release|Any CPU
		{EC47274C-2C46-4AA8-9CDC-196EF6171AE3}.Ad-Hoc|iPhoneSimulator.ActiveCfg = Release|Any CPU
		{EC47274C-2C46-4AA8-9CDC-196EF6171AE3}.Ad-Hoc|iPhoneSimulator.Build.0 = Release|Any CPU
		{EC47274C-2C46-4AA8-9CDC-196EF6171AE3}.Ad-Hoc|x86.ActiveCfg = Release|Any CPU
		{EC47274C-2C46-4AA8-9CDC-196EF6171AE3}.Ad-Hoc|x86.Build.0 = Release|Any CPU
		{EC47274C-2C46-4AA8-9CDC-196EF6171AE3}.AppStore|Any CPU.ActiveCfg = Release|Any CPU
		{EC47274C-2C46-4AA8-9CDC-196EF6171AE3}.AppStore|Any CPU.Build.0 = Release|Any CPU
		{EC47274C-2C46-4AA8-9CDC-196EF6171AE3}.AppStore|ARM.ActiveCfg = Release|Any CPU
		{EC47274C-2C46-4AA8-9CDC-196EF6171AE3}.AppStore|ARM.Build.0 = Release|Any CPU
		{EC47274C-2C46-4AA8-9CDC-196EF6171AE3}.AppStore|iPhone.ActiveCfg = Release|Any CPU
		{EC47274C-2C46-4AA8-9CDC-196EF6171AE3}.AppStore|iPhone.Build.0 = Release|Any CPU
		{EC47274C-2C46-4AA8-9CDC-196EF6171AE3}.AppStore|iPhoneSimulator.ActiveCfg = Release|Any CPU
		{EC47274C-2C46-4AA8-9CDC-196EF6171AE3}.AppStore|iPhoneSimulator.Build.0 = Release|Any CPU
		{EC47274C-2C46-4AA8-9CDC-196EF6171AE3}.AppStore|x86.ActiveCfg = Release|Any CPU
		{EC47274C-2C46-4AA8-9CDC-196EF6171AE3}.AppStore|x86.Build.0 = Release|Any CPU
		{EC47274C-2C46-4AA8-9CDC-196EF6171AE3}.Debug|Any CPU.ActiveCfg = Debug|Any CPU
		{EC47274C-2C46-4AA8-9CDC-196EF6171AE3}.Debug|Any CPU.Build.0 = Debug|Any CPU
		{EC47274C-2C46-4AA8-9CDC-196EF6171AE3}.Debug|ARM.ActiveCfg = Debug|Any CPU
		{EC47274C-2C46-4AA8-9CDC-196EF6171AE3}.Debug|ARM.Build.0 = Debug|Any CPU
		{EC47274C-2C46-4AA8-9CDC-196EF6171AE3}.Debug|iPhone.ActiveCfg = Debug|Any CPU
		{EC47274C-2C46-4AA8-9CDC-196EF6171AE3}.Debug|iPhone.Build.0 = Debug|Any CPU
		{EC47274C-2C46-4AA8-9CDC-196EF6171AE3}.Debug|iPhoneSimulator.ActiveCfg = Debug|Any CPU
		{EC47274C-2C46-4AA8-9CDC-196EF6171AE3}.Debug|iPhoneSimulator.Build.0 = Debug|Any CPU
		{EC47274C-2C46-4AA8-9CDC-196EF6171AE3}.Debug|x86.ActiveCfg = Debug|Any CPU
		{EC47274C-2C46-4AA8-9CDC-196EF6171AE3}.Debug|x86.Build.0 = Debug|Any CPU
		{EC47274C-2C46-4AA8-9CDC-196EF6171AE3}.Release|Any CPU.ActiveCfg = Release|Any CPU
		{EC47274C-2C46-4AA8-9CDC-196EF6171AE3}.Release|Any CPU.Build.0 = Release|Any CPU
		{EC47274C-2C46-4AA8-9CDC-196EF6171AE3}.Release|ARM.ActiveCfg = Release|Any CPU
		{EC47274C-2C46-4AA8-9CDC-196EF6171AE3}.Release|ARM.Build.0 = Release|Any CPU
		{EC47274C-2C46-4AA8-9CDC-196EF6171AE3}.Release|iPhone.ActiveCfg = Release|Any CPU
		{EC47274C-2C46-4AA8-9CDC-196EF6171AE3}.Release|iPhone.Build.0 = Release|Any CPU
		{EC47274C-2C46-4AA8-9CDC-196EF6171AE3}.Release|iPhoneSimulator.ActiveCfg = Release|Any CPU
		{EC47274C-2C46-4AA8-9CDC-196EF6171AE3}.Release|iPhoneSimulator.Build.0 = Release|Any CPU
		{EC47274C-2C46-4AA8-9CDC-196EF6171AE3}.Release|x86.ActiveCfg = Release|Any CPU
		{EC47274C-2C46-4AA8-9CDC-196EF6171AE3}.Release|x86.Build.0 = Release|Any CPU
	EndGlobalSection
	GlobalSection(SolutionProperties) = preSolution
		HideSolutionNode = FALSE
	EndGlobalSection
EndGlobal
